// !$*UTF8*$!
{
	archiveVersion = 1;
	classes = {
	};
	objectVersion = 46;
	objects = {

/* Begin PBXBuildFile section */
		4BBCEFEF1E0BF95500154C5F /* main.cpp in Sources */ = {isa = PBXBuildFile; fileRef = 4BBCEFEE1E0BF95500154C5F /* main.cpp */; };
		4BBCEFF71E0BF9EE00154C5F /* List.cpp in Sources */ = {isa = PBXBuildFile; fileRef = 4BBCEFF51E0BF9EE00154C5F /* List.cpp */; };
/* End PBXBuildFile section */

/* Begin PBXCopyFilesBuildPhase section */
		4BBCEFE91E0BF95100154C5F /* CopyFiles */ = {
			isa = PBXCopyFilesBuildPhase;
			buildActionMask = 2147483647;
			dstPath = /usr/share/man/man1/;
			dstSubfolderSpec = 0;
			files = (
			);
			runOnlyForDeploymentPostprocessing = 1;
		};
/* End PBXCopyFilesBuildPhase section */

/* Begin PBXFileReference section */
		4BBCEFEB1E0BF95500154C5F /* 37_FindFirstCommonNode */ = {isa = PBXFileReference; explicitFileType = "compiled.mach-o.executable"; includeInIndex = 0; path = 37_FindFirstCommonNode; sourceTree = BUILT_PRODUCTS_DIR; };
		4BBCEFEE1E0BF95500154C5F /* main.cpp */ = {isa = PBXFileReference; lastKnownFileType = sourcecode.cpp.cpp; path = main.cpp; sourceTree = "<group>"; };
		4BBCEFF51E0BF9EE00154C5F /* List.cpp */ = {isa = PBXFileReference; fileEncoding = 4; lastKnownFileType = sourcecode.cpp.cpp; path = List.cpp; sourceTree = "<group>"; };
		4BBCEFF61E0BF9EE00154C5F /* List.hpp */ = {isa = PBXFileReference; fileEncoding = 4; lastKnownFileType = sourcecode.cpp.h; path = List.hpp; sourceTree = "<group>"; };
/* End PBXFileReference section */

/* Begin PBXFrameworksBuildPhase section */
		4BBCEFE81E0BF95100154C5F /* Frameworks */ = {
			isa = PBXFrameworksBuildPhase;
			buildActionMask = 2147483647;
			files = (
			);
			runOnlyForDeploymentPostprocessing = 0;
		};
/* End PBXFrameworksBuildPhase section */

/* Begin PBXGroup section */
		4BBCEFE21E0BF95100154C5F = {
			isa = PBXGroup;
			children = (
				4BBCEFED1E0BF95500154C5F /* 37_FindFirstCommonNode */,
				4BBCEFEC1E0BF95500154C5F /* Products */,
			);
			sourceTree = "<group>";
		};
		4BBCEFEC1E0BF95500154C5F /* Products */ = {
			isa = PBXGroup;
			children = (
				4BBCEFEB1E0BF95500154C5F /* 37_FindFirstCommonNode */,
			);
			name = Products;
			sourceTree = "<group>";
		};
		4BBCEFED1E0BF95500154C5F /* 37_FindFirstCommonNode */ = {
			isa = PBXGroup;
			children = (
				4BBCEFEE1E0BF95500154C5F /* main.cpp */,
				4BBCEFF51E0BF9EE00154C5F /* List.cpp */,
				4BBCEFF61E0BF9EE00154C5F /* List.hpp */,
			);
			path = 37_FindFirstCommonNode;
			sourceTree = "<group>";
		};
/* End PBXGroup section */

/* Begin PBXNativeTarget section */
		4BBCEFEA1E0BF95100154C5F /* 37_FindFirstCommonNode */ = {
			isa = PBXNativeTarget;
			buildConfigurationList = 4BBCEFF21E0BF95500154C5F /* Build configuration list for PBXNativeTarget "37_FindFirstCommonNode" */;
			buildPhases = (
				4BBCEFE71E0BF95100154C5F /* Sources */,
				4BBCEFE81E0BF95100154C5F /* Frameworks */,
				4BBCEFE91E0BF95100154C5F /* CopyFiles */,
			);
			buildRules = (
			);
			dependencies = (
			);
			name = 37_FindFirstCommonNode;
			productName = 37_FindFirstCommonNode;
			productReference = 4BBCEFEB1E0BF95500154C5F /* 37_FindFirstCommonNode */;
			productType = "com.apple.product-type.tool";
		};
/* End PBXNativeTarget section */

/* Begin PBXProject section */
		4BBCEFE31E0BF95100154C5F /* Project object */ = {
			isa = PBXProject;
			attributes = {
				LastUpgradeCheck = 0820;
				ORGANIZATIONNAME = "Yu Chen";
				TargetAttributes = {
					4BBCEFEA1E0BF95100154C5F = {
						CreatedOnToolsVersion = 8.2.1;
						ProvisioningStyle = Automatic;
					};
				};
			};
			buildConfigurationList = 4BBCEFE61E0BF95100154C5F /* Build configuration list for PBXProject "37_FindFirstCommonNode" */;
			compatibilityVersion = "Xcode 3.2";
			developmentRegion = English;
			hasScannedForEncodings = 0;
			knownRegions = (
				en,
			);
			mainGroup = 4BBCEFE21E0BF95100154C5F;
			productRefGroup = 4BBCEFEC1E0BF95500154C5F /* Products */;
			projectDirPath = "";
			projectRoot = "";
			targets = (
				4BBCEFEA1E0BF95100154C5F /* 37_FindFirstCommonNode */,
			);
		};
/* End PBXProject section */

/* Begin PBXSourcesBuildPhase section */
		4BBCEFE71E0BF95100154C5F /* Sources */ = {
			isa = PBXSourcesBuildPhase;
			buildActionMask = 2147483647;
			files = (
				4BBCEFEF1E0BF95500154C5F /* main.cpp in Sources */,
				4BBCEFF71E0BF9EE00154C5F /* List.cpp in Sources */,
			);
			runOnlyForDeploymentPostprocessing = 0;
		};
/* End PBXSourcesBuildPhase section */

/* Begin XCBuildConfiguration section */
		4BBCEFF01E0BF95500154C5F /* Debug */ = {
			isa = XCBuildConfiguration;
			buildSettings = {
				ALWAYS_SEARCH_USER_PATHS = NO;
				CLANG_ANALYZER_NONNULL = YES;
				CLANG_CXX_LANGUAGE_STANDARD = "gnu++0x";
				CLANG_CXX_LIBRARY = "libc++";
				CLANG_ENABLE_MODULES = YES;
				CLANG_ENABLE_OBJC_ARC = YES;
				CLANG_WARN_BOOL_CONVERSION = YES;
				CLANG_WARN_CONSTANT_CONVERSION = YES;
				CLANG_WARN_DIRECT_OBJC_ISA_USAGE = YES_ERROR;
				CLANG_WARN_DOCUMENTATION_COMMENTS = YES;
				CLANG_WARN_EMPTY_BODY = YES;
				CLANG_WARN_ENUM_CONVERSION = YES;
				CLANG_WARN_INFINITE_RECURSION = YES;
				CLANG_WARN_INT_CONVERSION = YES;
				CLANG_WARN_OBJC_ROOT_CLASS = YES_ERROR;
				CLANG_WARN_SUSPICIOUS_MOVE = YES;
				CLANG_WARN_UNREACHABLE_CODE = YES;
				CLANG_WARN__DUPLICATE_METHOD_MATCH = YES;
				CODE_SIGN_IDENTITY = "-";
				COPY_PHASE_STRIP = NO;
				DEBUG_INFORMATION_FORMAT = dwarf;
				ENABLE_STRICT_OBJC_MSGSEND = YES;
				ENABLE_TESTABILITY = YES;
				GCC_C_LANGUAGE_STANDARD = gnu99;
				GCC_DYNAMIC_NO_PIC = NO;
				GCC_NO_COMMON_BLOCKS = YES;
				GCC_OPTIMIZATION_LEVEL = 0;
				GCC_PREPROCESSOR_DEFINITIONS = (
					"DEBUG=1",
					"$(inherited)",
				);
				GCC_WARN_64_TO_32_BIT_CONVERSION = YES;
				GCC_WARN_ABOUT_RETURN_TYPE = YES_ERROR;
				GCC_WARN_UNDECLARED_SELECTOR = YES;
				GCC_WARN_UNINITIALIZED_AUTOS = YES_AGGRESSIVE;
				GCC_WARN_UNUSED_FUNCTION = YES;
				GCC_WARN_UNUSED_VARIABLE = YES;
				MACOSX_DEPLOYMENT_TARGET = 10.12;
				MTL_ENABLE_DEBUG_INFO = YES;
				ONLY_ACTIVE_ARCH = YES;
				SDKROOT = macosx;
			};
			name = Debug;
		};
		4BBCEFF11E0BF95500154C5F /* Release */ = {
			isa = XCBuildConfiguration;
			buildSettings = {
				ALWAYS_SEARCH_USER_PATHS = NO;
				CLANG_ANALYZER_NONNULL = YES;
				CLANG_CXX_LANGUAGE_STANDARD = "gnu++0x";
				CLANG_CXX_LIBRARY = "libc++";
				CLANG_ENABLE_MODULES = YES;
				CLANG_ENABLE_OBJC_ARC = YES;
				CLANG_WARN_BOOL_CONVERSION = YES;
				CLANG_WARN_CONSTANT_CONVERSION = YES;
				CLANG_WARN_DIRECT_OBJC_ISA_USAGE = YES_ERROR;
				CLANG_WARN_DOCUMENTATION_COMMENTS = YES;
				CLANG_WARN_EMPTY_BODY = YES;
				CLANG_WARN_ENUM_CONVERSION = YES;
				CLANG_WARN_INFINITE_RECURSION = YES;
				CLANG_WARN_INT_CONVERSION = YES;
				CLANG_WARN_OBJC_ROOT_CLASS = YES_ERROR;
				CLANG_WARN_SUSPICIOUS_MOVE = YES;
				CLANG_WARN_UNREACHABLE_CODE = YES;
				CLANG_WARN__DUPLICATE_METHOD_MATCH = YES;
				CODE_SIGN_IDENTITY = "-";
				COPY_PHASE_STRIP = NO;
				DEBUG_INFORMATION_FORMAT = "dwarf-with-dsym";
				ENABLE_NS_ASSERTIONS = NO;
				ENABLE_STRICT_OBJC_MSGSEND = YES;
				GCC_C_LANGUAGE_STANDARD = gnu99;
				GCC_NO_COMMON_BLOCKS = YES;
				GCC_WARN_64_TO_32_BIT_CONVERSION = YES;
				GCC_WARN_ABOUT_RETURN_TYPE = YES_ERROR;
				GCC_WARN_UNDECLARED_SELECTOR = YES;
				GCC_WARN_UNINITIALIZED_AUTOS = YES_AGGRESSIVE;
				GCC_WARN_UNUSED_FUNCTION = YES;
				GCC_WARN_UNUSED_VARIABLE = YES;
				MACOSX_DEPLOYMENT_TARGET = 10.12;
				MTL_ENABLE_DEBUG_INFO = NO;
				SDKROOT = macosx;
			};
			name = Release;
		};
		4BBCEFF31E0BF95500154C5F /* Debug */ = {
			isa = XCBuildConfiguration;
			buildSettings = {
				PRODUCT_NAME = "$(TARGET_NAME)";
			};
			name = Debug;
		};
		4BBCEFF41E0BF95500154C5F /* Release */ = {
			isa = XCBuildConfiguration;
			buildSettings = {
				PRODUCT_NAME = "$(TARGET_NAME)";
			};
			name = Release;
		};
/* End XCBuildConfiguration section */

/* Begin XCConfigurationList section */
		4BBCEFE61E0BF95100154C5F /* Build configuration list for PBXProject "37_FindFirstCommonNode" */ = {
			isa = XCConfigurationList;
			buildConfigurations = (
				4BBCEFF01E0BF95500154C5F /* Debug */,
				4BBCEFF11E0BF95500154C5F /* Release */,
			);
			defaultConfigurationIsVisible = 0;
			defaultConfigurationName = Release;
		};
		4BBCEFF21E0BF95500154C5F /* Build configuration list for PBXNativeTarget "37_FindFirstCommonNode" */ = {
			isa = XCConfigurationList;
			buildConfigurations = (
				4BBCEFF31E0BF95500154C5F /* Debug */,
				4BBCEFF41E0BF95500154C5F /* Release */,
			);
			defaultConfigurationIsVisible = 0;
			defaultConfigurationName = Release;
		};
/* End XCConfigurationList section */
	};
	rootObject = 4BBCEFE31E0BF95100154C5F /* Project object */;
}
